
Microsoft Visual Studio Solution File, Format Version 11.00
# Visual Studio 2010
Project("{FAE04EC0-301F-11D3-BF4B-00C04F79EFBC}") = "MvcApplication1", "MvcApplication1\MvcApplication1.csproj", "{F9821E52-0F6A-41BD-961D-FB72D78F6085}"
EndProject
Global
	GlobalSection(SolutionConfigurationPlatforms) = preSolution
		Debug|Any CPU = Debug|Any CPU
		Release|Any CPU = Release|Any CPU
	EndGlobalSection
	GlobalSection(ProjectConfigurationPlatforms) = postSolution
		{F9821E52-0F6A-41BD-961D-FB72D78F6085}.Debug|Any CPU.ActiveCfg = Debug|Any CPU
		{F9821E52-0F6A-41BD-961D-FB72D78F6085}.Debug|Any CPU.Build.0 = Debug|Any CPU
		{F9821E52-0F6A-41BD-961D-FB72D78F6085}.Release|Any CPU.ActiveCfg = Release|Any CPU
		{F9821E52-0F6A-41BD-961D-FB72D78F6085}.Release|Any CPU.Build.0 = Release|Any CPU
	EndGlobalSection
	GlobalSection(SolutionProperties) = preSolution
		HideSolutionNode = FALSE
	EndGlobalSection
EndGlobal
